
Microsoft Visual Studio Solution File, Format Version 12.00
# Visual Studio Version 16
VisualStudioVersion = 16.0.29102.190
MinimumVisualStudioVersion = 10.0.40219.1
Project("{2150E333-8FDC-42A3-9474-1A3956D46DE8}") = "Tests", "Tests", "{F227DB68-3973-46AB-97C0-D0F1B97063BF}"
EndProject
Project("{2150E333-8FDC-42A3-9474-1A3956D46DE8}") = "Services", "Services", "{3D7CAF22-AC15-43F0-AD24-D98941973367}"
EndProject
Project("{9A19103F-16F7-4668-BE54-9A1E7A4F7556}") = "Updater.WebSocket.Impl", "Services\Updater.WebSocket.Impl\Updater.WebSocket.Impl.csproj", "{25C20E48-0D2C-4FDC-BDA8-5F2C712C6C12}"
EndProject
Project("{9A19103F-16F7-4668-BE54-9A1E7A4F7556}") = "Updater.CommService.Interface", "Services\Updater.CommService.Interface\Updater.CommService.Interface.csproj", "{D8F7FA13-7493-4078-811E-4F2A3A62760F}"
EndProject
Project("{9A19103F-16F7-4668-BE54-9A1E7A4F7556}") = "Updater.gRPCService.Protocol", "Services\Updater.gRPCService.Protocol\Updater.gRPCService.Protocol.csproj", "{95931AC0-5740-4C23-BF3B-39BF54863CA9}"
EndProject
Project("{2150E333-8FDC-42A3-9474-1A3956D46DE8}") = "Framework", "Framework", "{691ADB19-9988-4971-BB6E-DC9CFFC6D2B5}"
EndProject
Project("{9A19103F-16F7-4668-BE54-9A1E7A4F7556}") = "Ma.Logging", "Framework\Ma.Logging\Ma.Logging.csproj", "{E639BC5C-02C1-45E2-8CDD-760B12D7A2DA}"
EndProject
Project("{9A19103F-16F7-4668-BE54-9A1E7A4F7556}") = "Ma.Logging.Log4net", "Framework\Ma.Logging.Log4net\Ma.Logging.Log4net.csproj", "{7B57E5F1-C225-4D37-9B86-D82EB4F4DDE7}"
EndProject
Project("{9A19103F-16F7-4668-BE54-9A1E7A4F7556}") = "Ma.DIService", "Framework\Ma.DIService\Ma.DIService.csproj", "{63A037EA-F840-48B1-ABD7-0152DA57EDDB}"
EndProject
Project("{9A19103F-16F7-4668-BE54-9A1E7A4F7556}") = "Updater.gRPCServiceClient.Impl", "Services\Updater.gRPCServiceClient.Impl\Updater.gRPCServiceClient.Impl.csproj", "{28303F27-674C-41CF-8B20-62FBB36C5A5A}"
EndProject
Project("{9A19103F-16F7-4668-BE54-9A1E7A4F7556}") = "Updater.Bootstrapper", "Src\Updater.Bootstrapper\Updater.Bootstrapper.csproj", "{896D7F8E-E6D4-474D-A9A6-B54108D3E16D}"
EndProject
Project("{2150E333-8FDC-42A3-9474-1A3956D46DE8}") = "Sample", "Sample", "{4363AE25-E6D4-4FD5-B0B9-BEC7BDD92BB5}"
EndProject
Project("{9A19103F-16F7-4668-BE54-9A1E7A4F7556}") = "Updater.gRPCService.Server", "Sample\Updater.gRPCService.Server\Updater.gRPCService.Server.csproj", "{C11A4410-9FE6-415F-BDF6-1DCF4111E105}"
EndProject
Project("{FAE04EC0-301F-11D3-BF4B-00C04F79EFBC}") = "UpdateTest", "Sample\UpdateTest\UpdateTest.csproj", "{25A4A535-B270-4210-A1F3-A1EC8F1ED516}"
EndProject
Project("{FAE04EC0-301F-11D3-BF4B-00C04F79EFBC}") = "MainAppTest", "Sample\MainAppTest\MainAppTest.csproj", "{DF3C589B-F8CA-47BB-BB1B-41538D3EFCC6}"
EndProject
Project("{9A19103F-16F7-4668-BE54-9A1E7A4F7556}") = "ServiceTest", "Sample\ServiceTest\ServiceTest.csproj", "{BD58EF9D-DE51-4E95-B260-95F5A034C839}"
EndProject
Project("{9A19103F-16F7-4668-BE54-9A1E7A4F7556}") = "Updater.UpdateService.Interface", "Services\Updater.UpdateService.Interface\Updater.UpdateService.Interface.csproj", "{F0ADAAD9-8A61-483F-9CBD-64F8FA4C8753}"
EndProject
Project("{9A19103F-16F7-4668-BE54-9A1E7A4F7556}") = "AutoUpdater", "Src\AutoUpdater\AutoUpdater.csproj", "{17E2562D-1E0C-46BE-82D0-E839ED6107CE}"
EndProject
Project("{9A19103F-16F7-4668-BE54-9A1E7A4F7556}") = "Ma.ConfigManager", "Framework\Ma.ConfigManager\Ma.ConfigManager.csproj", "{D7CA8E83-55A7-4CC0-9486-1B2D7C61848B}"
EndProject
Project("{FAE04EC0-301F-11D3-BF4B-00C04F79EFBC}") = "Ma.Bootstrapper", "Framework\Ma.Bootstrapper\Ma.Bootstrapper.csproj", "{1AE15BC2-CB79-409A-9DF5-330F1C71003D}"
EndProject
Global
	GlobalSection(SolutionConfigurationPlatforms) = preSolution
		Debug|Any CPU = Debug|Any CPU
		Release|Any CPU = Release|Any CPU
	EndGlobalSection
	GlobalSection(ProjectConfigurationPlatforms) = postSolution
		{25C20E48-0D2C-4FDC-BDA8-5F2C712C6C12}.Debug|Any CPU.ActiveCfg = Debug|Any CPU
		{25C20E48-0D2C-4FDC-BDA8-5F2C712C6C12}.Debug|Any CPU.Build.0 = Debug|Any CPU
		{25C20E48-0D2C-4FDC-BDA8-5F2C712C6C12}.Release|Any CPU.ActiveCfg = Release|Any CPU
		{25C20E48-0D2C-4FDC-BDA8-5F2C712C6C12}.Release|Any CPU.Build.0 = Release|Any CPU
		{D8F7FA13-7493-4078-811E-4F2A3A62760F}.Debug|Any CPU.ActiveCfg = Debug|Any CPU
		{D8F7FA13-7493-4078-811E-4F2A3A62760F}.Debug|Any CPU.Build.0 = Debug|Any CPU
		{D8F7FA13-7493-4078-811E-4F2A3A62760F}.Release|Any CPU.ActiveCfg = Release|Any CPU
		{D8F7FA13-7493-4078-811E-4F2A3A62760F}.Release|Any CPU.Build.0 = Release|Any CPU
		{95931AC0-5740-4C23-BF3B-39BF54863CA9}.Debug|Any CPU.ActiveCfg = Debug|Any CPU
		{95931AC0-5740-4C23-BF3B-39BF54863CA9}.Debug|Any CPU.Build.0 = Debug|Any CPU
		{95931AC0-5740-4C23-BF3B-39BF54863CA9}.Release|Any CPU.ActiveCfg = Release|Any CPU
		{95931AC0-5740-4C23-BF3B-39BF54863CA9}.Release|Any CPU.Build.0 = Release|Any CPU
		{E639BC5C-02C1-45E2-8CDD-760B12D7A2DA}.Debug|Any CPU.ActiveCfg = Debug|Any CPU
		{E639BC5C-02C1-45E2-8CDD-760B12D7A2DA}.Debug|Any CPU.Build.0 = Debug|Any CPU
		{E639BC5C-02C1-45E2-8CDD-760B12D7A2DA}.Release|Any CPU.ActiveCfg = Release|Any CPU
		{E639BC5C-02C1-45E2-8CDD-760B12D7A2DA}.Release|Any CPU.Build.0 = Release|Any CPU
		{7B57E5F1-C225-4D37-9B86-D82EB4F4DDE7}.Debug|Any CPU.ActiveCfg = Debug|Any CPU
		{7B57E5F1-C225-4D37-9B86-D82EB4F4DDE7}.Debug|Any CPU.Build.0 = Debug|Any CPU
		{7B57E5F1-C225-4D37-9B86-D82EB4F4DDE7}.Release|Any CPU.ActiveCfg = Release|Any CPU
		{7B57E5F1-C225-4D37-9B86-D82EB4F4DDE7}.Release|Any CPU.Build.0 = Release|Any CPU
		{63A037EA-F840-48B1-ABD7-0152DA57EDDB}.Debug|Any CPU.ActiveCfg = Debug|Any CPU
		{63A037EA-F840-48B1-ABD7-0152DA57EDDB}.Debug|Any CPU.Build.0 = Debug|Any CPU
		{63A037EA-F840-48B1-ABD7-0152DA57EDDB}.Release|Any CPU.ActiveCfg = Release|Any CPU
		{63A037EA-F840-48B1-ABD7-0152DA57EDDB}.Release|Any CPU.Build.0 = Release|Any CPU
		{28303F27-674C-41CF-8B20-62FBB36C5A5A}.Debug|Any CPU.ActiveCfg = Debug|Any CPU
		{28303F27-674C-41CF-8B20-62FBB36C5A5A}.Debug|Any CPU.Build.0 = Debug|Any CPU
		{28303F27-674C-41CF-8B20-62FBB36C5A5A}.Release|Any CPU.ActiveCfg = Release|Any CPU
		{28303F27-674C-41CF-8B20-62FBB36C5A5A}.Release|Any CPU.Build.0 = Release|Any CPU
		{896D7F8E-E6D4-474D-A9A6-B54108D3E16D}.Debug|Any CPU.ActiveCfg = Debug|Any CPU
		{896D7F8E-E6D4-474D-A9A6-B54108D3E16D}.Debug|Any CPU.Build.0 = Debug|Any CPU
		{896D7F8E-E6D4-474D-A9A6-B54108D3E16D}.Release|Any CPU.ActiveCfg = Release|Any CPU
		{896D7F8E-E6D4-474D-A9A6-B54108D3E16D}.Release|Any CPU.Build.0 = Release|Any CPU
		{C11A4410-9FE6-415F-BDF6-1DCF4111E105}.Debug|Any CPU.ActiveCfg = Debug|Any CPU
		{C11A4410-9FE6-415F-BDF6-1DCF4111E105}.Debug|Any CPU.Build.0 = Debug|Any CPU
		{C11A4410-9FE6-415F-BDF6-1DCF4111E105}.Release|Any CPU.ActiveCfg = Release|Any CPU
		{C11A4410-9FE6-415F-BDF6-1DCF4111E105}.Release|Any CPU.Build.0 = Release|Any CPU
		{25A4A535-B270-4210-A1F3-A1EC8F1ED516}.Debug|Any CPU.ActiveCfg = Debug|Any CPU
		{25A4A535-B270-4210-A1F3-A1EC8F1ED516}.Debug|Any CPU.Build.0 = Debug|Any CPU
		{25A4A535-B270-4210-A1F3-A1EC8F1ED516}.Release|Any CPU.ActiveCfg = Release|Any CPU
		{25A4A535-B270-4210-A1F3-A1EC8F1ED516}.Release|Any CPU.Build.0 = Release|Any CPU
		{DF3C589B-F8CA-47BB-BB1B-41538D3EFCC6}.Debug|Any CPU.ActiveCfg = Debug|Any CPU
		{DF3C589B-F8CA-47BB-BB1B-41538D3EFCC6}.Debug|Any CPU.Build.0 = Debug|Any CPU
		{DF3C589B-F8CA-47BB-BB1B-41538D3EFCC6}.Release|Any CPU.ActiveCfg = Release|Any CPU
		{DF3C589B-F8CA-47BB-BB1B-41538D3EFCC6}.Release|Any CPU.Build.0 = Release|Any CPU
		{BD58EF9D-DE51-4E95-B260-95F5A034C839}.Debug|Any CPU.ActiveCfg = Debug|Any CPU
		{BD58EF9D-DE51-4E95-B260-95F5A034C839}.Debug|Any CPU.Build.0 = Debug|Any CPU
		{BD58EF9D-DE51-4E95-B260-95F5A034C839}.Release|Any CPU.ActiveCfg = Release|Any CPU
		{BD58EF9D-DE51-4E95-B260-95F5A034C839}.Release|Any CPU.Build.0 = Release|Any CPU
		{F0ADAAD9-8A61-483F-9CBD-64F8FA4C8753}.Debug|Any CPU.ActiveCfg = Debug|Any CPU
		{F0ADAAD9-8A61-483F-9CBD-64F8FA4C8753}.Debug|Any CPU.Build.0 = Debug|Any CPU
		{F0ADAAD9-8A61-483F-9CBD-64F8FA4C8753}.Release|Any CPU.ActiveCfg = Release|Any CPU
		{F0ADAAD9-8A61-483F-9CBD-64F8FA4C8753}.Release|Any CPU.Build.0 = Release|Any CPU
		{17E2562D-1E0C-46BE-82D0-E839ED6107CE}.Debug|Any CPU.ActiveCfg = Debug|Any CPU
		{17E2562D-1E0C-46BE-82D0-E839ED6107CE}.Debug|Any CPU.Build.0 = Debug|Any CPU
		{17E2562D-1E0C-46BE-82D0-E839ED6107CE}.Release|Any CPU.ActiveCfg = Release|Any CPU
		{17E2562D-1E0C-46BE-82D0-E839ED6107CE}.Release|Any CPU.Build.0 = Release|Any CPU
		{D7CA8E83-55A7-4CC0-9486-1B2D7C61848B}.Debug|Any CPU.ActiveCfg = Debug|Any CPU
		{D7CA8E83-55A7-4CC0-9486-1B2D7C61848B}.Debug|Any CPU.Build.0 = Debug|Any CPU
		{D7CA8E83-55A7-4CC0-9486-1B2D7C61848B}.Release|Any CPU.ActiveCfg = Release|Any CPU
		{D7CA8E83-55A7-4CC0-9486-1B2D7C61848B}.Release|Any CPU.Build.0 = Release|Any CPU
		{1AE15BC2-CB79-409A-9DF5-330F1C71003D}.Debug|Any CPU.ActiveCfg = Debug|Any CPU
		{1AE15BC2-CB79-409A-9DF5-330F1C71003D}.Debug|Any CPU.Build.0 = Debug|Any CPU
		{1AE15BC2-CB79-409A-9DF5-330F1C71003D}.Release|Any CPU.ActiveCfg = Release|Any CPU
		{1AE15BC2-CB79-409A-9DF5-330F1C71003D}.Release|Any CPU.Build.0 = Release|Any CPU
	EndGlobalSection
	GlobalSection(SolutionProperties) = preSolution
		HideSolutionNode = FALSE
	EndGlobalSection
	GlobalSection(NestedProjects) = preSolution
		{25C20E48-0D2C-4FDC-BDA8-5F2C712C6C12} = {3D7CAF22-AC15-43F0-AD24-D98941973367}
		{D8F7FA13-7493-4078-811E-4F2A3A62760F} = {3D7CAF22-AC15-43F0-AD24-D98941973367}
		{95931AC0-5740-4C23-BF3B-39BF54863CA9} = {3D7CAF22-AC15-43F0-AD24-D98941973367}
		{E639BC5C-02C1-45E2-8CDD-760B12D7A2DA} = {691ADB19-9988-4971-BB6E-DC9CFFC6D2B5}
		{7B57E5F1-C225-4D37-9B86-D82EB4F4DDE7} = {691ADB19-9988-4971-BB6E-DC9CFFC6D2B5}
		{63A037EA-F840-48B1-ABD7-0152DA57EDDB} = {691ADB19-9988-4971-BB6E-DC9CFFC6D2B5}
		{28303F27-674C-41CF-8B20-62FBB36C5A5A} = {3D7CAF22-AC15-43F0-AD24-D98941973367}
		{C11A4410-9FE6-415F-BDF6-1DCF4111E105} = {4363AE25-E6D4-4FD5-B0B9-BEC7BDD92BB5}
		{25A4A535-B270-4210-A1F3-A1EC8F1ED516} = {4363AE25-E6D4-4FD5-B0B9-BEC7BDD92BB5}
		{DF3C589B-F8CA-47BB-BB1B-41538D3EFCC6} = {4363AE25-E6D4-4FD5-B0B9-BEC7BDD92BB5}
		{BD58EF9D-DE51-4E95-B260-95F5A034C839} = {4363AE25-E6D4-4FD5-B0B9-BEC7BDD92BB5}
		{F0ADAAD9-8A61-483F-9CBD-64F8FA4C8753} = {3D7CAF22-AC15-43F0-AD24-D98941973367}
		{D7CA8E83-55A7-4CC0-9486-1B2D7C61848B} = {691ADB19-9988-4971-BB6E-DC9CFFC6D2B5}
		{1AE15BC2-CB79-409A-9DF5-330F1C71003D} = {691ADB19-9988-4971-BB6E-DC9CFFC6D2B5}
	EndGlobalSection
	GlobalSection(ExtensibilityGlobals) = postSolution
		SolutionGuid = {50AF7F68-BAB3-4159-8D52-8538AA61A0FF}
	EndGlobalSection
EndGlobal
