
Microsoft Visual Studio Solution File, Format Version 12.00
# Visual Studio Version 16
VisualStudioVersion = 16.0.29102.190
MinimumVisualStudioVersion = 10.0.40219.1
Project("{9A19103F-16F7-4668-BE54-9A1E7A4F7556}") = "AutoUpdater", "AutoUpdater\AutoUpdater.csproj", "{98261C72-B085-4F61-8962-ADC04F816964}"
EndProject
Project("{2150E333-8FDC-42A3-9474-1A3956D46DE8}") = "Tests", "Tests", "{F227DB68-3973-46AB-97C0-D0F1B97063BF}"
EndProject
Project("{2150E333-8FDC-42A3-9474-1A3956D46DE8}") = "Services", "Services", "{3D7CAF22-AC15-43F0-AD24-D98941973367}"
EndProject
Project("{9A19103F-16F7-4668-BE54-9A1E7A4F7556}") = "Updater.WebSocket.Impl", "Services\Updater.WebSocket.Impl\Updater.WebSocket.Impl.csproj", "{25C20E48-0D2C-4FDC-BDA8-5F2C712C6C12}"
EndProject
Project("{9A19103F-16F7-4668-BE54-9A1E7A4F7556}") = "Updater.CommService.Interface", "Services\Updater.CommService.Interface\Updater.CommService.Interface.csproj", "{D8F7FA13-7493-4078-811E-4F2A3A62760F}"
EndProject
Project("{9A19103F-16F7-4668-BE54-9A1E7A4F7556}") = "Updater.gRPCService.Protocol", "Services\Updater.gRPCService.Protocol\Updater.gRPCService.Protocol.csproj", "{95931AC0-5740-4C23-BF3B-39BF54863CA9}"
EndProject
Project("{2150E333-8FDC-42A3-9474-1A3956D46DE8}") = "Framework", "Framework", "{691ADB19-9988-4971-BB6E-DC9CFFC6D2B5}"
EndProject
Project("{9A19103F-16F7-4668-BE54-9A1E7A4F7556}") = "Ma.Logging", "Framework\Ma.Logging\Ma.Logging.csproj", "{E639BC5C-02C1-45E2-8CDD-760B12D7A2DA}"
EndProject
Project("{9A19103F-16F7-4668-BE54-9A1E7A4F7556}") = "Ma.Logging.Log4net", "Framework\Ma.Logging.Log4net\Ma.Logging.Log4net.csproj", "{7B57E5F1-C225-4D37-9B86-D82EB4F4DDE7}"
EndProject
Project("{9A19103F-16F7-4668-BE54-9A1E7A4F7556}") = "Updater.Bootstrapper", "Updater.Bootstrapper\Updater.Bootstrapper.csproj", "{75784D54-C190-4EA4-B2FA-1DF030F80838}"
EndProject
Project("{9A19103F-16F7-4668-BE54-9A1E7A4F7556}") = "Ma.DIService", "Framework\Ma.DIService\Ma.DIService.csproj", "{63A037EA-F840-48B1-ABD7-0152DA57EDDB}"
EndProject
Project("{9A19103F-16F7-4668-BE54-9A1E7A4F7556}") = "Updater.gRPCServiceClient.Impl", "Services\Updater.gRPCServiceClient.Impl\Updater.gRPCServiceClient.Impl.csproj", "{28303F27-674C-41CF-8B20-62FBB36C5A5A}"
EndProject
Project("{9A19103F-16F7-4668-BE54-9A1E7A4F7556}") = "Updater.gRPCService.Server", "Tests\Updater.gRPCService.Server\Updater.gRPCService.Server.csproj", "{7F37C5AB-C1FA-460C-B73C-BA420DBCFE27}"
EndProject
Project("{FAE04EC0-301F-11D3-BF4B-00C04F79EFBC}") = "MainAppTest", "Tests\MainAppTest\MainAppTest.csproj", "{02368ADB-4840-47FA-B47D-D8B4BD4DBEDA}"
EndProject
Project("{FAE04EC0-301F-11D3-BF4B-00C04F79EFBC}") = "UpdateTest", "Tests\UpdateTest\UpdateTest.csproj", "{25A4A535-B270-4210-A1F3-A1EC8F1ED516}"
EndProject
Global
	GlobalSection(SolutionConfigurationPlatforms) = preSolution
		Debug|Any CPU = Debug|Any CPU
		Release|Any CPU = Release|Any CPU
	EndGlobalSection
	GlobalSection(ProjectConfigurationPlatforms) = postSolution
		{98261C72-B085-4F61-8962-ADC04F816964}.Debug|Any CPU.ActiveCfg = Debug|Any CPU
		{98261C72-B085-4F61-8962-ADC04F816964}.Debug|Any CPU.Build.0 = Debug|Any CPU
		{98261C72-B085-4F61-8962-ADC04F816964}.Release|Any CPU.ActiveCfg = Release|Any CPU
		{98261C72-B085-4F61-8962-ADC04F816964}.Release|Any CPU.Build.0 = Release|Any CPU
		{25C20E48-0D2C-4FDC-BDA8-5F2C712C6C12}.Debug|Any CPU.ActiveCfg = Debug|Any CPU
		{25C20E48-0D2C-4FDC-BDA8-5F2C712C6C12}.Debug|Any CPU.Build.0 = Debug|Any CPU
		{25C20E48-0D2C-4FDC-BDA8-5F2C712C6C12}.Release|Any CPU.ActiveCfg = Release|Any CPU
		{25C20E48-0D2C-4FDC-BDA8-5F2C712C6C12}.Release|Any CPU.Build.0 = Release|Any CPU
		{D8F7FA13-7493-4078-811E-4F2A3A62760F}.Debug|Any CPU.ActiveCfg = Debug|Any CPU
		{D8F7FA13-7493-4078-811E-4F2A3A62760F}.Debug|Any CPU.Build.0 = Debug|Any CPU
		{D8F7FA13-7493-4078-811E-4F2A3A62760F}.Release|Any CPU.ActiveCfg = Release|Any CPU
		{D8F7FA13-7493-4078-811E-4F2A3A62760F}.Release|Any CPU.Build.0 = Release|Any CPU
		{95931AC0-5740-4C23-BF3B-39BF54863CA9}.Debug|Any CPU.ActiveCfg = Debug|Any CPU
		{95931AC0-5740-4C23-BF3B-39BF54863CA9}.Debug|Any CPU.Build.0 = Debug|Any CPU
		{95931AC0-5740-4C23-BF3B-39BF54863CA9}.Release|Any CPU.ActiveCfg = Release|Any CPU
		{95931AC0-5740-4C23-BF3B-39BF54863CA9}.Release|Any CPU.Build.0 = Release|Any CPU
		{E639BC5C-02C1-45E2-8CDD-760B12D7A2DA}.Debug|Any CPU.ActiveCfg = Debug|Any CPU
		{E639BC5C-02C1-45E2-8CDD-760B12D7A2DA}.Debug|Any CPU.Build.0 = Debug|Any CPU
		{E639BC5C-02C1-45E2-8CDD-760B12D7A2DA}.Release|Any CPU.ActiveCfg = Release|Any CPU
		{E639BC5C-02C1-45E2-8CDD-760B12D7A2DA}.Release|Any CPU.Build.0 = Release|Any CPU
		{7B57E5F1-C225-4D37-9B86-D82EB4F4DDE7}.Debug|Any CPU.ActiveCfg = Debug|Any CPU
		{7B57E5F1-C225-4D37-9B86-D82EB4F4DDE7}.Debug|Any CPU.Build.0 = Debug|Any CPU
		{7B57E5F1-C225-4D37-9B86-D82EB4F4DDE7}.Release|Any CPU.ActiveCfg = Release|Any CPU
		{7B57E5F1-C225-4D37-9B86-D82EB4F4DDE7}.Release|Any CPU.Build.0 = Release|Any CPU
		{75784D54-C190-4EA4-B2FA-1DF030F80838}.Debug|Any CPU.ActiveCfg = Debug|Any CPU
		{75784D54-C190-4EA4-B2FA-1DF030F80838}.Debug|Any CPU.Build.0 = Debug|Any CPU
		{75784D54-C190-4EA4-B2FA-1DF030F80838}.Release|Any CPU.ActiveCfg = Release|Any CPU
		{75784D54-C190-4EA4-B2FA-1DF030F80838}.Release|Any CPU.Build.0 = Release|Any CPU
		{63A037EA-F840-48B1-ABD7-0152DA57EDDB}.Debug|Any CPU.ActiveCfg = Debug|Any CPU
		{63A037EA-F840-48B1-ABD7-0152DA57EDDB}.Debug|Any CPU.Build.0 = Debug|Any CPU
		{63A037EA-F840-48B1-ABD7-0152DA57EDDB}.Release|Any CPU.ActiveCfg = Release|Any CPU
		{63A037EA-F840-48B1-ABD7-0152DA57EDDB}.Release|Any CPU.Build.0 = Release|Any CPU
		{28303F27-674C-41CF-8B20-62FBB36C5A5A}.Debug|Any CPU.ActiveCfg = Debug|Any CPU
		{28303F27-674C-41CF-8B20-62FBB36C5A5A}.Debug|Any CPU.Build.0 = Debug|Any CPU
		{28303F27-674C-41CF-8B20-62FBB36C5A5A}.Release|Any CPU.ActiveCfg = Release|Any CPU
		{28303F27-674C-41CF-8B20-62FBB36C5A5A}.Release|Any CPU.Build.0 = Release|Any CPU
		{7F37C5AB-C1FA-460C-B73C-BA420DBCFE27}.Debug|Any CPU.ActiveCfg = Debug|Any CPU
		{7F37C5AB-C1FA-460C-B73C-BA420DBCFE27}.Debug|Any CPU.Build.0 = Debug|Any CPU
		{7F37C5AB-C1FA-460C-B73C-BA420DBCFE27}.Release|Any CPU.ActiveCfg = Release|Any CPU
		{7F37C5AB-C1FA-460C-B73C-BA420DBCFE27}.Release|Any CPU.Build.0 = Release|Any CPU
		{02368ADB-4840-47FA-B47D-D8B4BD4DBEDA}.Debug|Any CPU.ActiveCfg = Debug|Any CPU
		{02368ADB-4840-47FA-B47D-D8B4BD4DBEDA}.Debug|Any CPU.Build.0 = Debug|Any CPU
		{02368ADB-4840-47FA-B47D-D8B4BD4DBEDA}.Release|Any CPU.ActiveCfg = Release|Any CPU
		{02368ADB-4840-47FA-B47D-D8B4BD4DBEDA}.Release|Any CPU.Build.0 = Release|Any CPU
		{25A4A535-B270-4210-A1F3-A1EC8F1ED516}.Debug|Any CPU.ActiveCfg = Debug|Any CPU
		{25A4A535-B270-4210-A1F3-A1EC8F1ED516}.Debug|Any CPU.Build.0 = Debug|Any CPU
		{25A4A535-B270-4210-A1F3-A1EC8F1ED516}.Release|Any CPU.ActiveCfg = Release|Any CPU
		{25A4A535-B270-4210-A1F3-A1EC8F1ED516}.Release|Any CPU.Build.0 = Release|Any CPU
	EndGlobalSection
	GlobalSection(SolutionProperties) = preSolution
		HideSolutionNode = FALSE
	EndGlobalSection
	GlobalSection(NestedProjects) = preSolution
		{25C20E48-0D2C-4FDC-BDA8-5F2C712C6C12} = {3D7CAF22-AC15-43F0-AD24-D98941973367}
		{D8F7FA13-7493-4078-811E-4F2A3A62760F} = {3D7CAF22-AC15-43F0-AD24-D98941973367}
		{95931AC0-5740-4C23-BF3B-39BF54863CA9} = {3D7CAF22-AC15-43F0-AD24-D98941973367}
		{E639BC5C-02C1-45E2-8CDD-760B12D7A2DA} = {691ADB19-9988-4971-BB6E-DC9CFFC6D2B5}
		{7B57E5F1-C225-4D37-9B86-D82EB4F4DDE7} = {691ADB19-9988-4971-BB6E-DC9CFFC6D2B5}
		{63A037EA-F840-48B1-ABD7-0152DA57EDDB} = {691ADB19-9988-4971-BB6E-DC9CFFC6D2B5}
		{28303F27-674C-41CF-8B20-62FBB36C5A5A} = {3D7CAF22-AC15-43F0-AD24-D98941973367}
		{7F37C5AB-C1FA-460C-B73C-BA420DBCFE27} = {F227DB68-3973-46AB-97C0-D0F1B97063BF}
		{02368ADB-4840-47FA-B47D-D8B4BD4DBEDA} = {F227DB68-3973-46AB-97C0-D0F1B97063BF}
		{25A4A535-B270-4210-A1F3-A1EC8F1ED516} = {F227DB68-3973-46AB-97C0-D0F1B97063BF}
	EndGlobalSection
	GlobalSection(ExtensibilityGlobals) = postSolution
		SolutionGuid = {50AF7F68-BAB3-4159-8D52-8538AA61A0FF}
	EndGlobalSection
EndGlobal
