
Microsoft Visual Studio Solution File, Format Version 12.00
# Visual Studio Version 16
VisualStudioVersion = 16.0.29102.190
MinimumVisualStudioVersion = 10.0.40219.1
Project("{FAE04EC0-301F-11D3-BF4B-00C04F79EFBC}") = "MainAppTest", "MainAppTest\MainAppTest.csproj", "{02368ADB-4840-47FA-B47D-D8B4BD4DBEDA}"
EndProject
Project("{FAE04EC0-301F-11D3-BF4B-00C04F79EFBC}") = "UpdateTest", "UpdateTest\UpdateTest.csproj", "{25A4A535-B270-4210-A1F3-A1EC8F1ED516}"
EndProject
Project("{9A19103F-16F7-4668-BE54-9A1E7A4F7556}") = "AutoUpdater", "AutoUpdater\AutoUpdater.csproj", "{98261C72-B085-4F61-8962-ADC04F816964}"
EndProject
Project("{2150E333-8FDC-42A3-9474-1A3956D46DE8}") = "Tests", "Tests", "{F227DB68-3973-46AB-97C0-D0F1B97063BF}"
EndProject
Project("{9A19103F-16F7-4668-BE54-9A1E7A4F7556}") = "AutoUpdater.Grpc.Protocol", "AutoUpdater.Grpc.Protocol\AutoUpdater.Grpc.Protocol.csproj", "{8F7CA059-B4D2-4E95-AD84-4718E08B84BF}"
EndProject
Project("{9A19103F-16F7-4668-BE54-9A1E7A4F7556}") = "NuGet.Grpc.Tools", "AutoUpdater.Grpc.Tools\NuGet.Grpc.Tools.csproj", "{F399896B-62D0-4A8B-BF5C-61BB8AAC7E00}"
EndProject
Project("{9A19103F-16F7-4668-BE54-9A1E7A4F7556}") = "AutoUpdater.Grpc.Impl", "AutoUpdater.Grpc.Impl\AutoUpdater.Grpc.Impl.csproj", "{88C36076-4CD4-43EB-8769-75A849014BCB}"
EndProject
Project("{2150E333-8FDC-42A3-9474-1A3956D46DE8}") = "gRPC", "gRPC", "{EC2FC281-C531-4708-B901-AC852C654233}"
EndProject
Project("{2150E333-8FDC-42A3-9474-1A3956D46DE8}") = "Services", "Services", "{3D7CAF22-AC15-43F0-AD24-D98941973367}"
EndProject
Project("{9A19103F-16F7-4668-BE54-9A1E7A4F7556}") = "AutoUpdater.Grpc.Hosting", "AutoUpdater.Grpc.Hosting\AutoUpdater.Grpc.Hosting.csproj", "{85B6617A-F7D4-4CB4-9E58-A8C25ABA21ED}"
EndProject
Project("{9A19103F-16F7-4668-BE54-9A1E7A4F7556}") = "AutoUpdater.GrpcClient", "AutoUpdater.GrpcClient\AutoUpdater.GrpcClient.csproj", "{E343D149-D053-4D8B-BFCD-2BF4030D08A5}"
EndProject
Project("{9A19103F-16F7-4668-BE54-9A1E7A4F7556}") = "Updater.gRPCService.Protocol", "Updater.gRPCService.Protocol\Updater.gRPCService.Protocol.csproj", "{51D27497-0C30-45C7-A6D8-B4F5CE35F3DB}"
EndProject
Project("{9A19103F-16F7-4668-BE54-9A1E7A4F7556}") = "Updater.CommService.Interface", "Updater.CommService.Interface\Updater.CommService.Interface.csproj", "{AF5F6B9C-2316-47A9-A1B8-2489FFFDE32A}"
EndProject
Project("{9A19103F-16F7-4668-BE54-9A1E7A4F7556}") = "Updater.gRPCService.Impl", "Services\Updater.gRPCService.Impl\Updater.gRPCService.Impl.csproj", "{4D21D97E-04FC-4484-B5F9-718931984EAC}"
EndProject
Project("{FAE04EC0-301F-11D3-BF4B-00C04F79EFBC}") = "Updater.WebSocket.Impl", "Services\Updater.WebSocket.Impl\Updater.WebSocket.Impl.csproj", "{25C20E48-0D2C-4FDC-BDA8-5F2C712C6C12}"
EndProject
Global
	GlobalSection(SolutionConfigurationPlatforms) = preSolution
		Debug|Any CPU = Debug|Any CPU
		Release|Any CPU = Release|Any CPU
	EndGlobalSection
	GlobalSection(ProjectConfigurationPlatforms) = postSolution
		{02368ADB-4840-47FA-B47D-D8B4BD4DBEDA}.Debug|Any CPU.ActiveCfg = Debug|Any CPU
		{02368ADB-4840-47FA-B47D-D8B4BD4DBEDA}.Debug|Any CPU.Build.0 = Debug|Any CPU
		{02368ADB-4840-47FA-B47D-D8B4BD4DBEDA}.Release|Any CPU.ActiveCfg = Release|Any CPU
		{02368ADB-4840-47FA-B47D-D8B4BD4DBEDA}.Release|Any CPU.Build.0 = Release|Any CPU
		{25A4A535-B270-4210-A1F3-A1EC8F1ED516}.Debug|Any CPU.ActiveCfg = Debug|Any CPU
		{25A4A535-B270-4210-A1F3-A1EC8F1ED516}.Debug|Any CPU.Build.0 = Debug|Any CPU
		{25A4A535-B270-4210-A1F3-A1EC8F1ED516}.Release|Any CPU.ActiveCfg = Release|Any CPU
		{25A4A535-B270-4210-A1F3-A1EC8F1ED516}.Release|Any CPU.Build.0 = Release|Any CPU
		{98261C72-B085-4F61-8962-ADC04F816964}.Debug|Any CPU.ActiveCfg = Debug|Any CPU
		{98261C72-B085-4F61-8962-ADC04F816964}.Debug|Any CPU.Build.0 = Debug|Any CPU
		{98261C72-B085-4F61-8962-ADC04F816964}.Release|Any CPU.ActiveCfg = Release|Any CPU
		{98261C72-B085-4F61-8962-ADC04F816964}.Release|Any CPU.Build.0 = Release|Any CPU
		{8F7CA059-B4D2-4E95-AD84-4718E08B84BF}.Debug|Any CPU.ActiveCfg = Debug|Any CPU
		{8F7CA059-B4D2-4E95-AD84-4718E08B84BF}.Debug|Any CPU.Build.0 = Debug|Any CPU
		{8F7CA059-B4D2-4E95-AD84-4718E08B84BF}.Release|Any CPU.ActiveCfg = Release|Any CPU
		{8F7CA059-B4D2-4E95-AD84-4718E08B84BF}.Release|Any CPU.Build.0 = Release|Any CPU
		{F399896B-62D0-4A8B-BF5C-61BB8AAC7E00}.Debug|Any CPU.ActiveCfg = Debug|Any CPU
		{F399896B-62D0-4A8B-BF5C-61BB8AAC7E00}.Debug|Any CPU.Build.0 = Debug|Any CPU
		{F399896B-62D0-4A8B-BF5C-61BB8AAC7E00}.Release|Any CPU.ActiveCfg = Release|Any CPU
		{F399896B-62D0-4A8B-BF5C-61BB8AAC7E00}.Release|Any CPU.Build.0 = Release|Any CPU
		{88C36076-4CD4-43EB-8769-75A849014BCB}.Debug|Any CPU.ActiveCfg = Debug|Any CPU
		{88C36076-4CD4-43EB-8769-75A849014BCB}.Debug|Any CPU.Build.0 = Debug|Any CPU
		{88C36076-4CD4-43EB-8769-75A849014BCB}.Release|Any CPU.ActiveCfg = Release|Any CPU
		{88C36076-4CD4-43EB-8769-75A849014BCB}.Release|Any CPU.Build.0 = Release|Any CPU
		{85B6617A-F7D4-4CB4-9E58-A8C25ABA21ED}.Debug|Any CPU.ActiveCfg = Debug|Any CPU
		{85B6617A-F7D4-4CB4-9E58-A8C25ABA21ED}.Debug|Any CPU.Build.0 = Debug|Any CPU
		{85B6617A-F7D4-4CB4-9E58-A8C25ABA21ED}.Release|Any CPU.ActiveCfg = Release|Any CPU
		{85B6617A-F7D4-4CB4-9E58-A8C25ABA21ED}.Release|Any CPU.Build.0 = Release|Any CPU
		{E343D149-D053-4D8B-BFCD-2BF4030D08A5}.Debug|Any CPU.ActiveCfg = Debug|Any CPU
		{E343D149-D053-4D8B-BFCD-2BF4030D08A5}.Debug|Any CPU.Build.0 = Debug|Any CPU
		{E343D149-D053-4D8B-BFCD-2BF4030D08A5}.Release|Any CPU.ActiveCfg = Release|Any CPU
		{E343D149-D053-4D8B-BFCD-2BF4030D08A5}.Release|Any CPU.Build.0 = Release|Any CPU
		{51D27497-0C30-45C7-A6D8-B4F5CE35F3DB}.Debug|Any CPU.ActiveCfg = Debug|Any CPU
		{51D27497-0C30-45C7-A6D8-B4F5CE35F3DB}.Debug|Any CPU.Build.0 = Debug|Any CPU
		{51D27497-0C30-45C7-A6D8-B4F5CE35F3DB}.Release|Any CPU.ActiveCfg = Release|Any CPU
		{51D27497-0C30-45C7-A6D8-B4F5CE35F3DB}.Release|Any CPU.Build.0 = Release|Any CPU
		{AF5F6B9C-2316-47A9-A1B8-2489FFFDE32A}.Debug|Any CPU.ActiveCfg = Debug|Any CPU
		{AF5F6B9C-2316-47A9-A1B8-2489FFFDE32A}.Debug|Any CPU.Build.0 = Debug|Any CPU
		{AF5F6B9C-2316-47A9-A1B8-2489FFFDE32A}.Release|Any CPU.ActiveCfg = Release|Any CPU
		{AF5F6B9C-2316-47A9-A1B8-2489FFFDE32A}.Release|Any CPU.Build.0 = Release|Any CPU
		{4D21D97E-04FC-4484-B5F9-718931984EAC}.Debug|Any CPU.ActiveCfg = Debug|Any CPU
		{4D21D97E-04FC-4484-B5F9-718931984EAC}.Debug|Any CPU.Build.0 = Debug|Any CPU
		{4D21D97E-04FC-4484-B5F9-718931984EAC}.Release|Any CPU.ActiveCfg = Release|Any CPU
		{4D21D97E-04FC-4484-B5F9-718931984EAC}.Release|Any CPU.Build.0 = Release|Any CPU
		{25C20E48-0D2C-4FDC-BDA8-5F2C712C6C12}.Debug|Any CPU.ActiveCfg = Debug|Any CPU
		{25C20E48-0D2C-4FDC-BDA8-5F2C712C6C12}.Debug|Any CPU.Build.0 = Debug|Any CPU
		{25C20E48-0D2C-4FDC-BDA8-5F2C712C6C12}.Release|Any CPU.ActiveCfg = Release|Any CPU
		{25C20E48-0D2C-4FDC-BDA8-5F2C712C6C12}.Release|Any CPU.Build.0 = Release|Any CPU
	EndGlobalSection
	GlobalSection(SolutionProperties) = preSolution
		HideSolutionNode = FALSE
	EndGlobalSection
	GlobalSection(NestedProjects) = preSolution
		{02368ADB-4840-47FA-B47D-D8B4BD4DBEDA} = {F227DB68-3973-46AB-97C0-D0F1B97063BF}
		{25A4A535-B270-4210-A1F3-A1EC8F1ED516} = {F227DB68-3973-46AB-97C0-D0F1B97063BF}
		{8F7CA059-B4D2-4E95-AD84-4718E08B84BF} = {EC2FC281-C531-4708-B901-AC852C654233}
		{F399896B-62D0-4A8B-BF5C-61BB8AAC7E00} = {EC2FC281-C531-4708-B901-AC852C654233}
		{88C36076-4CD4-43EB-8769-75A849014BCB} = {EC2FC281-C531-4708-B901-AC852C654233}
		{85B6617A-F7D4-4CB4-9E58-A8C25ABA21ED} = {EC2FC281-C531-4708-B901-AC852C654233}
		{E343D149-D053-4D8B-BFCD-2BF4030D08A5} = {EC2FC281-C531-4708-B901-AC852C654233}
		{51D27497-0C30-45C7-A6D8-B4F5CE35F3DB} = {3D7CAF22-AC15-43F0-AD24-D98941973367}
		{AF5F6B9C-2316-47A9-A1B8-2489FFFDE32A} = {3D7CAF22-AC15-43F0-AD24-D98941973367}
		{4D21D97E-04FC-4484-B5F9-718931984EAC} = {3D7CAF22-AC15-43F0-AD24-D98941973367}
		{25C20E48-0D2C-4FDC-BDA8-5F2C712C6C12} = {3D7CAF22-AC15-43F0-AD24-D98941973367}
	EndGlobalSection
	GlobalSection(ExtensibilityGlobals) = postSolution
		SolutionGuid = {50AF7F68-BAB3-4159-8D52-8538AA61A0FF}
	EndGlobalSection
EndGlobal
